
Microsoft Visual Studio Solution File, Format Version 12.00
# Visual Studio Version 17
VisualStudioVersion = 17.0.31903.59
MinimumVisualStudioVersion = 10.0.40219.1
Project("{FAE04EC0-301F-11D3-BF4B-00C04F79EFBC}") = "Vocabulary", "Vocabulary\Vocabulary.csproj", "{2AF41EC2-C461-4974-89BB-686DCA40BAA0}"
EndProject
Project("{FAE04EC0-301F-11D3-BF4B-00C04F79EFBC}") = "Variables", "Variables\Variables.csproj", "{47E0C442-A01C-4CDF-B769-B7B154F013B0}"
EndProject
Project("{FAE04EC0-301F-11D3-BF4B-00C04F79EFBC}") = "Formatting", "Formatting\Formatting.csproj", "{FF734436-4BB4-454C-8509-58E90A1C410D}"
EndProject
Global
	GlobalSection(SolutionConfigurationPlatforms) = preSolution
		Debug|Any CPU = Debug|Any CPU
		Release|Any CPU = Release|Any CPU
	EndGlobalSection
	GlobalSection(SolutionProperties) = preSolution
		HideSolutionNode = FALSE
	EndGlobalSection
	GlobalSection(ProjectConfigurationPlatforms) = postSolution
		{2AF41EC2-C461-4974-89BB-686DCA40BAA0}.Debug|Any CPU.ActiveCfg = Debug|Any CPU
		{2AF41EC2-C461-4974-89BB-686DCA40BAA0}.Debug|Any CPU.Build.0 = Debug|Any CPU
		{2AF41EC2-C461-4974-89BB-686DCA40BAA0}.Release|Any CPU.ActiveCfg = Release|Any CPU
		{2AF41EC2-C461-4974-89BB-686DCA40BAA0}.Release|Any CPU.Build.0 = Release|Any CPU
		{47E0C442-A01C-4CDF-B769-B7B154F013B0}.Debug|Any CPU.ActiveCfg = Debug|Any CPU
		{47E0C442-A01C-4CDF-B769-B7B154F013B0}.Debug|Any CPU.Build.0 = Debug|Any CPU
		{47E0C442-A01C-4CDF-B769-B7B154F013B0}.Release|Any CPU.ActiveCfg = Release|Any CPU
		{47E0C442-A01C-4CDF-B769-B7B154F013B0}.Release|Any CPU.Build.0 = Release|Any CPU
		{FF734436-4BB4-454C-8509-58E90A1C410D}.Debug|Any CPU.ActiveCfg = Debug|Any CPU
		{FF734436-4BB4-454C-8509-58E90A1C410D}.Debug|Any CPU.Build.0 = Debug|Any CPU
		{FF734436-4BB4-454C-8509-58E90A1C410D}.Release|Any CPU.ActiveCfg = Release|Any CPU
		{FF734436-4BB4-454C-8509-58E90A1C410D}.Release|Any CPU.Build.0 = Release|Any CPU
	EndGlobalSection
EndGlobal
